
Microsoft Visual Studio Solution File, Format Version 12.00
# Visual Studio 15
VisualStudioVersion = 15.0.28307.271
MinimumVisualStudioVersion = 10.0.40219.1
Project("{8BC9CEB8-8B4A-11D0-8D11-00A0C91BC942}") = "ant", "ant\ant.vcxproj", "{A7E1421B-588F-4EB4-AE1D-34BE6BDFF089}"
EndProject
Global
	GlobalSection(SolutionConfigurationPlatforms) = preSolution
		Debug|x64 = Debug|x64
		Debug|x86 = Debug|x86
		Release|x64 = Release|x64
		Release|x86 = Release|x86
	EndGlobalSection
	GlobalSection(ProjectConfigurationPlatforms) = postSolution
		{A7E1421B-588F-4EB4-AE1D-34BE6BDFF089}.Debug|x64.ActiveCfg = Debug|x64
		{A7E1421B-588F-4EB4-AE1D-34BE6BDFF089}.Debug|x64.Build.0 = Debug|x64
		{A7E1421B-588F-4EB4-AE1D-34BE6BDFF089}.Debug|x86.ActiveCfg = Debug|Win32
		{A7E1421B-588F-4EB4-AE1D-34BE6BDFF089}.Debug|x86.Build.0 = Debug|Win32
		{A7E1421B-588F-4EB4-AE1D-34BE6BDFF089}.Release|x64.ActiveCfg = Release|x64
		{A7E1421B-588F-4EB4-AE1D-34BE6BDFF089}.Release|x64.Build.0 = Release|x64
		{A7E1421B-588F-4EB4-AE1D-34BE6BDFF089}.Release|x86.ActiveCfg = Release|Win32
		{A7E1421B-588F-4EB4-AE1D-34BE6BDFF089}.Release|x86.Build.0 = Release|Win32
	EndGlobalSection
	GlobalSection(SolutionProperties) = preSolution
		HideSolutionNode = FALSE
	EndGlobalSection
	GlobalSection(ExtensibilityGlobals) = postSolution
		SolutionGuid = {4433385E-F937-4C6B-A40E-C174B6547655}
	EndGlobalSection
EndGlobal
